{
  "requires": true,
  "lockfileVersion": 1,
  "dependencies": {
    "webwebweb": {
      "version": "1.0.1",
      "resolved": "https://registry.npmjs.org/webwebweb/-/webwebweb-1.0.1.tgz",
      "integrity": "sha512-XQSFz1FmUS6NJMwW7uGKK6jljXU85uTe+jRAbuToJmjWNPw8q6nLlb4ajrDg8c/ARxl+32bHj29XbUNFM2Qmig=="
    }
  }
}
